// !$*UTF8*$!
{
	archiveVersion = 1;
	classes = {
	};
	objectVersion = 46;
	objects = {

/* Begin PBXBuildFile section */
		A7505CFC1AAEC5FC0010048D /* main.swift in Sources */ = {isa = PBXBuildFile; fileRef = A7505CFB1AAEC5FC0010048D /* main.swift */; };
		A7A6E3001AAFFD830025AB0C /* Async.swift in Sources */ = {isa = PBXBuildFile; fileRef = A7A6E2FB1AAFFD6B0025AB0C /* Async.swift */; };
		A7A6E3011AAFFD830025AB0C /* AsyncParallelTaskManager.swift in Sources */ = {isa = PBXBuildFile; fileRef = A7A6E2FC1AAFFD6B0025AB0C /* AsyncParallelTaskManager.swift */; };
		A7A6E3021AAFFD830025AB0C /* AsyncSeriesTaskManager.swift in Sources */ = {isa = PBXBuildFile; fileRef = A7A6E2FD1AAFFD6B0025AB0C /* AsyncSeriesTaskManager.swift */; };
		A7A6E3031AAFFD830025AB0C /* AsyncTaskManager.swift in Sources */ = {isa = PBXBuildFile; fileRef = A7A6E2FE1AAFFD6B0025AB0C /* AsyncTaskManager.swift */; };
		A7A6E3041AAFFD830025AB0C /* AsyncWhilstTaskManager.swift in Sources */ = {isa = PBXBuildFile; fileRef = A7A6E2FF1AAFFD6B0025AB0C /* AsyncWhilstTaskManager.swift */; };
/* End PBXBuildFile section */

/* Begin PBXCopyFilesBuildPhase section */
		A7505CF61AAEC5FC0010048D /* CopyFiles */ = {
			isa = PBXCopyFilesBuildPhase;
			buildActionMask = 2147483647;
			dstPath = /usr/share/man/man1/;
			dstSubfolderSpec = 0;
			files = (
			);
			runOnlyForDeploymentPostprocessing = 1;
		};
/* End PBXCopyFilesBuildPhase section */

/* Begin PBXFileReference section */
		A7505CF81AAEC5FC0010048D /* Async */ = {isa = PBXFileReference; explicitFileType = "compiled.mach-o.executable"; includeInIndex = 0; path = Async; sourceTree = BUILT_PRODUCTS_DIR; };
		A7505CFB1AAEC5FC0010048D /* main.swift */ = {isa = PBXFileReference; lastKnownFileType = sourcecode.swift; path = main.swift; sourceTree = "<group>"; };
		A7A6E2FB1AAFFD6B0025AB0C /* Async.swift */ = {isa = PBXFileReference; lastKnownFileType = sourcecode.swift; path = Async.swift; sourceTree = "<group>"; };
		A7A6E2FC1AAFFD6B0025AB0C /* AsyncParallelTaskManager.swift */ = {isa = PBXFileReference; lastKnownFileType = sourcecode.swift; path = AsyncParallelTaskManager.swift; sourceTree = "<group>"; };
		A7A6E2FD1AAFFD6B0025AB0C /* AsyncSeriesTaskManager.swift */ = {isa = PBXFileReference; lastKnownFileType = sourcecode.swift; path = AsyncSeriesTaskManager.swift; sourceTree = "<group>"; };
		A7A6E2FE1AAFFD6B0025AB0C /* AsyncTaskManager.swift */ = {isa = PBXFileReference; lastKnownFileType = sourcecode.swift; path = AsyncTaskManager.swift; sourceTree = "<group>"; };
		A7A6E2FF1AAFFD6B0025AB0C /* AsyncWhilstTaskManager.swift */ = {isa = PBXFileReference; lastKnownFileType = sourcecode.swift; path = AsyncWhilstTaskManager.swift; sourceTree = "<group>"; };
/* End PBXFileReference section */

/* Begin PBXFrameworksBuildPhase section */
		A7505CF51AAEC5FC0010048D /* Frameworks */ = {
			isa = PBXFrameworksBuildPhase;
			buildActionMask = 2147483647;
			files = (
			);
			runOnlyForDeploymentPostprocessing = 0;
		};
/* End PBXFrameworksBuildPhase section */

/* Begin PBXGroup section */
		A7505CEF1AAEC5FC0010048D = {
			isa = PBXGroup;
			children = (
				A7505CFA1AAEC5FC0010048D /* Async */,
				A7505CF91AAEC5FC0010048D /* Products */,
			);
			sourceTree = "<group>";
		};
		A7505CF91AAEC5FC0010048D /* Products */ = {
			isa = PBXGroup;
			children = (
				A7505CF81AAEC5FC0010048D /* Async */,
			);
			name = Products;
			sourceTree = "<group>";
		};
		A7505CFA1AAEC5FC0010048D /* Async */ = {
			isa = PBXGroup;
			children = (
				A7A6E2FA1AAFFD6B0025AB0C /* Classes */,
				A7505CFB1AAEC5FC0010048D /* main.swift */,
			);
			path = Async;
			sourceTree = "<group>";
		};
		A7A6E2FA1AAFFD6B0025AB0C /* Classes */ = {
			isa = PBXGroup;
			children = (
				A7A6E2FB1AAFFD6B0025AB0C /* Async.swift */,
				A7A6E2FC1AAFFD6B0025AB0C /* AsyncParallelTaskManager.swift */,
				A7A6E2FD1AAFFD6B0025AB0C /* AsyncSeriesTaskManager.swift */,
				A7A6E2FE1AAFFD6B0025AB0C /* AsyncTaskManager.swift */,
				A7A6E2FF1AAFFD6B0025AB0C /* AsyncWhilstTaskManager.swift */,
			);
			name = Classes;
			path = ../../Classes;
			sourceTree = "<group>";
		};
/* End PBXGroup section */

/* Begin PBXNativeTarget section */
		A7505CF71AAEC5FC0010048D /* Async */ = {
			isa = PBXNativeTarget;
			buildConfigurationList = A7505CFF1AAEC5FC0010048D /* Build configuration list for PBXNativeTarget "Async" */;
			buildPhases = (
				A7505CF41AAEC5FC0010048D /* Sources */,
				A7505CF51AAEC5FC0010048D /* Frameworks */,
				A7505CF61AAEC5FC0010048D /* CopyFiles */,
			);
			buildRules = (
			);
			dependencies = (
			);
			name = Async;
			productName = Async;
			productReference = A7505CF81AAEC5FC0010048D /* Async */;
			productType = "com.apple.product-type.tool";
		};
/* End PBXNativeTarget section */

/* Begin PBXProject section */
		A7505CF01AAEC5FC0010048D /* Project object */ = {
			isa = PBXProject;
			attributes = {
				LastUpgradeCheck = 0610;
				ORGANIZATIONNAME = Luavis;
				TargetAttributes = {
					A7505CF71AAEC5FC0010048D = {
						CreatedOnToolsVersion = 6.1;
					};
				};
			};
			buildConfigurationList = A7505CF31AAEC5FC0010048D /* Build configuration list for PBXProject "Async" */;
			compatibilityVersion = "Xcode 3.2";
			developmentRegion = English;
			hasScannedForEncodings = 0;
			knownRegions = (
				en,
			);
			mainGroup = A7505CEF1AAEC5FC0010048D;
			productRefGroup = A7505CF91AAEC5FC0010048D /* Products */;
			projectDirPath = "";
			projectRoot = "";
			targets = (
				A7505CF71AAEC5FC0010048D /* Async */,
			);
		};
/* End PBXProject section */

/* Begin PBXSourcesBuildPhase section */
		A7505CF41AAEC5FC0010048D /* Sources */ = {
			isa = PBXSourcesBuildPhase;
			buildActionMask = 2147483647;
			files = (
				A7505CFC1AAEC5FC0010048D /* main.swift in Sources */,
				A7A6E3001AAFFD830025AB0C /* Async.swift in Sources */,
				A7A6E3011AAFFD830025AB0C /* AsyncParallelTaskManager.swift in Sources */,
				A7A6E3021AAFFD830025AB0C /* AsyncSeriesTaskManager.swift in Sources */,
				A7A6E3031AAFFD830025AB0C /* AsyncTaskManager.swift in Sources */,
				A7A6E3041AAFFD830025AB0C /* AsyncWhilstTaskManager.swift in Sources */,
			);
			runOnlyForDeploymentPostprocessing = 0;
		};
/* End PBXSourcesBuildPhase section */

/* Begin XCBuildConfiguration section */
		A7505CFD1AAEC5FC0010048D /* Debug */ = {
			isa = XCBuildConfiguration;
			buildSettings = {
				ALWAYS_SEARCH_USER_PATHS = NO;
				CLANG_CXX_LANGUAGE_STANDARD = "gnu++0x";
				CLANG_CXX_LIBRARY = "libc++";
				CLANG_ENABLE_MODULES = YES;
				CLANG_ENABLE_OBJC_ARC = YES;
				CLANG_WARN_BOOL_CONVERSION = YES;
				CLANG_WARN_CONSTANT_CONVERSION = YES;
				CLANG_WARN_DIRECT_OBJC_ISA_USAGE = YES_ERROR;
				CLANG_WARN_EMPTY_BODY = YES;
				CLANG_WARN_ENUM_CONVERSION = YES;
				CLANG_WARN_INT_CONVERSION = YES;
				CLANG_WARN_OBJC_ROOT_CLASS = YES_ERROR;
				CLANG_WARN_UNREACHABLE_CODE = YES;
				CLANG_WARN__DUPLICATE_METHOD_MATCH = YES;
				COPY_PHASE_STRIP = NO;
				ENABLE_STRICT_OBJC_MSGSEND = YES;
				GCC_C_LANGUAGE_STANDARD = gnu99;
				GCC_DYNAMIC_NO_PIC = NO;
				GCC_OPTIMIZATION_LEVEL = 0;
				GCC_PREPROCESSOR_DEFINITIONS = (
					"DEBUG=1",
					"$(inherited)",
				);
				GCC_SYMBOLS_PRIVATE_EXTERN = NO;
				GCC_WARN_64_TO_32_BIT_CONVERSION = YES;
				GCC_WARN_ABOUT_RETURN_TYPE = YES_ERROR;
				GCC_WARN_UNDECLARED_SELECTOR = YES;
				GCC_WARN_UNINITIALIZED_AUTOS = YES_AGGRESSIVE;
				GCC_WARN_UNUSED_FUNCTION = YES;
				GCC_WARN_UNUSED_VARIABLE = YES;
				MACOSX_DEPLOYMENT_TARGET = 10.10;
				MTL_ENABLE_DEBUG_INFO = YES;
				ONLY_ACTIVE_ARCH = YES;
				SDKROOT = macosx;
				SWIFT_OPTIMIZATION_LEVEL = "-Onone";
			};
			name = Debug;
		};
		A7505CFE1AAEC5FC0010048D /* Release */ = {
			isa = XCBuildConfiguration;
			buildSettings = {
				ALWAYS_SEARCH_USER_PATHS = NO;
				CLANG_CXX_LANGUAGE_STANDARD = "gnu++0x";
				CLANG_CXX_LIBRARY = "libc++";
				CLANG_ENABLE_MODULES = YES;
				CLANG_ENABLE_OBJC_ARC = YES;
				CLANG_WARN_BOOL_CONVERSION = YES;
				CLANG_WARN_CONSTANT_CONVERSION = YES;
				CLANG_WARN_DIRECT_OBJC_ISA_USAGE = YES_ERROR;
				CLANG_WARN_EMPTY_BODY = YES;
				CLANG_WARN_ENUM_CONVERSION = YES;
				CLANG_WARN_INT_CONVERSION = YES;
				CLANG_WARN_OBJC_ROOT_CLASS = YES_ERROR;
				CLANG_WARN_UNREACHABLE_CODE = YES;
				CLANG_WARN__DUPLICATE_METHOD_MATCH = YES;
				COPY_PHASE_STRIP = YES;
				DEBUG_INFORMATION_FORMAT = "dwarf-with-dsym";
				ENABLE_NS_ASSERTIONS = NO;
				ENABLE_STRICT_OBJC_MSGSEND = YES;
				GCC_C_LANGUAGE_STANDARD = gnu99;
				GCC_WARN_64_TO_32_BIT_CONVERSION = YES;
				GCC_WARN_ABOUT_RETURN_TYPE = YES_ERROR;
				GCC_WARN_UNDECLARED_SELECTOR = YES;
				GCC_WARN_UNINITIALIZED_AUTOS = YES_AGGRESSIVE;
				GCC_WARN_UNUSED_FUNCTION = YES;
				GCC_WARN_UNUSED_VARIABLE = YES;
				MACOSX_DEPLOYMENT_TARGET = 10.10;
				MTL_ENABLE_DEBUG_INFO = NO;
				SDKROOT = macosx;
			};
			name = Release;
		};
		A7505D001AAEC5FC0010048D /* Debug */ = {
			isa = XCBuildConfiguration;
			buildSettings = {
				PRODUCT_NAME = "$(TARGET_NAME)";
			};
			name = Debug;
		};
		A7505D011AAEC5FC0010048D /* Release */ = {
			isa = XCBuildConfiguration;
			buildSettings = {
				PRODUCT_NAME = "$(TARGET_NAME)";
			};
			name = Release;
		};
/* End XCBuildConfiguration section */

/* Begin XCConfigurationList section */
		A7505CF31AAEC5FC0010048D /* Build configuration list for PBXProject "Async" */ = {
			isa = XCConfigurationList;
			buildConfigurations = (
				A7505CFD1AAEC5FC0010048D /* Debug */,
				A7505CFE1AAEC5FC0010048D /* Release */,
			);
			defaultConfigurationIsVisible = 0;
			defaultConfigurationName = Release;
		};
		A7505CFF1AAEC5FC0010048D /* Build configuration list for PBXNativeTarget "Async" */ = {
			isa = XCConfigurationList;
			buildConfigurations = (
				A7505D001AAEC5FC0010048D /* Debug */,
				A7505D011AAEC5FC0010048D /* Release */,
			);
			defaultConfigurationIsVisible = 0;
			defaultConfigurationName = Release;
		};
/* End XCConfigurationList section */
	};
	rootObject = A7505CF01AAEC5FC0010048D /* Project object */;
}
